<?xml version="1.0" encoding="utf-8"?>
<Project ToolsVersion="4.0" xmlns="http://schemas.microsoft.com/developer/msbuild/2003">
  <ItemGroup>
    <Filter Include="소스 파일">
      <UniqueIdentifier>{4FC737F1-C7A5-4376-A066-2A32D752A2FF}</UniqueIdentifier>
      <Extensions>cpp;c;cc;cxx;c++;cppm;ixx;def;odl;idl;hpj;bat;asm;asmx</Extensions>
    </Filter>
    <Filter Include="소스 파일\EntryPoint">
      <UniqueIdentifier>{adfcd86e-6794-4937-b23a-c26e303a24ea}</UniqueIdentifier>
    </Filter>
    <Filter Include="소스 파일\GameProcess">
      <UniqueIdentifier>{19f9294c-632d-4a74-b209-df699bce350b}</UniqueIdentifier>
    </Filter>
  </ItemGroup>
  <ItemGroup>
    <ClCompile Include="GameProcess.cpp">
      <Filter>소스 파일\GameProcess</Filter>
    </ClCompile>
    <ClCompile Include="EntryPoint.cpp">
      <Filter>소스 파일\EntryPoint</Filter>
    </ClCompile>
  </ItemGroup>
  <ItemGroup>
    <ClInclude Include="GameProcess.h">
      <Filter>소스 파일\GameProcess</Filter>
    </ClInclude>
  </ItemGroup>
</Project>